
Microsoft Visual Studio Solution File, Format Version 12.00
# Visual Studio Version 17
VisualStudioVersion = 17.5.33502.453
MinimumVisualStudioVersion = 10.0.40219.1
Project("{FAE04EC0-301F-11D3-BF4B-00C04F79EFBC}") = "diagonalPrincipal", "diagonalPrincipal\diagonalPrincipal.csproj", "{88325AD6-83F2-4CB1-A471-BD0E36D2FCD3}"
EndProject
Global
	GlobalSection(SolutionConfigurationPlatforms) = preSolution
		Debug|Any CPU = Debug|Any CPU
		Release|Any CPU = Release|Any CPU
	EndGlobalSection
	GlobalSection(ProjectConfigurationPlatforms) = postSolution
		{88325AD6-83F2-4CB1-A471-BD0E36D2FCD3}.Debug|Any CPU.ActiveCfg = Debug|Any CPU
		{88325AD6-83F2-4CB1-A471-BD0E36D2FCD3}.Debug|Any CPU.Build.0 = Debug|Any CPU
		{88325AD6-83F2-4CB1-A471-BD0E36D2FCD3}.Release|Any CPU.ActiveCfg = Release|Any CPU
		{88325AD6-83F2-4CB1-A471-BD0E36D2FCD3}.Release|Any CPU.Build.0 = Release|Any CPU
	EndGlobalSection
	GlobalSection(SolutionProperties) = preSolution
		HideSolutionNode = FALSE
	EndGlobalSection
	GlobalSection(ExtensibilityGlobals) = postSolution
		SolutionGuid = {7924D6C9-B3A9-4279-B403-40A6F9BFF565}
	EndGlobalSection
EndGlobal
